
Microsoft Visual Studio Solution File, Format Version 12.00
# Visual Studio Version 16
VisualStudioVersion = 16.0.30523.141
MinimumVisualStudioVersion = 10.0.40219.1
Project("{9A19103F-16F7-4668-BE54-9A1E7A4F7556}") = "IdentityExample", "IdentityExample\IdentityExample.csproj", "{90C34E2E-E68B-405D-BB29-78C113F3D969}"
EndProject
Project("{9A19103F-16F7-4668-BE54-9A1E7A4F7556}") = "Basics", "Basics\Basics.csproj", "{2724557F-08C7-4C6F-BC81-634DB6FFD20F}"
EndProject
Project("{2150E333-8FDC-42A3-9474-1A3956D46DE8}") = "Basic", "Basic", "{3F3BECC3-F881-4FE1-BC1E-BF6AD7CE93CF}"
EndProject
Project("{2150E333-8FDC-42A3-9474-1A3956D46DE8}") = "oAuth", "oAuth", "{0EA44134-495E-4579-A6DE-1DE8A38829B9}"
EndProject
Project("{9A19103F-16F7-4668-BE54-9A1E7A4F7556}") = "Server", "Server\Server.csproj", "{2013B5C1-D835-4EE4-8106-1442303B9599}"
EndProject
Project("{9A19103F-16F7-4668-BE54-9A1E7A4F7556}") = "Client", "Client\Client.csproj", "{D8F5FEDB-3960-4659-A6EA-33DFBC24A097}"
EndProject
Project("{9A19103F-16F7-4668-BE54-9A1E7A4F7556}") = "Api", "API\Api.csproj", "{15712B81-A825-408B-8DF3-165D91F6D2B0}"
EndProject
Project("{2150E333-8FDC-42A3-9474-1A3956D46DE8}") = "IdentityServer4", "IdentityServer4", "{81C80BC7-F4FE-4880-B961-E9EA95B0CA36}"
EndProject
Project("{9A19103F-16F7-4668-BE54-9A1E7A4F7556}") = "IdentityServer", "IdentityServer\IdentityServer.csproj", "{31C904E0-2F7E-420B-8DA5-A86F0536F418}"
EndProject
Project("{9A19103F-16F7-4668-BE54-9A1E7A4F7556}") = "ApiOne", "ApiOne\ApiOne.csproj", "{3B59189A-0FCF-48FA-989B-E8AB941E5186}"
EndProject
Project("{9A19103F-16F7-4668-BE54-9A1E7A4F7556}") = "ApiTwo", "ApiTwo\ApiTwo.csproj", "{BCC9F6D6-73F6-4F3C-8BB5-FD87C8BB0B7C}"
EndProject
Project("{9A19103F-16F7-4668-BE54-9A1E7A4F7556}") = "MvcClient", "MvcClient\MvcClient.csproj", "{58EF6081-EB24-42ED-BBD4-CC858B4F7D78}"
EndProject
Project("{9A19103F-16F7-4668-BE54-9A1E7A4F7556}") = "ClientCredentialsClient", "EditorClient\ClientCredentialsClient.csproj", "{B3D8D0CF-5515-4A53-A233-F6ACD332F1C8}"
EndProject
Global
	GlobalSection(SolutionConfigurationPlatforms) = preSolution
		Debug|Any CPU = Debug|Any CPU
		Release|Any CPU = Release|Any CPU
	EndGlobalSection
	GlobalSection(ProjectConfigurationPlatforms) = postSolution
		{90C34E2E-E68B-405D-BB29-78C113F3D969}.Debug|Any CPU.ActiveCfg = Debug|Any CPU
		{90C34E2E-E68B-405D-BB29-78C113F3D969}.Debug|Any CPU.Build.0 = Debug|Any CPU
		{90C34E2E-E68B-405D-BB29-78C113F3D969}.Release|Any CPU.ActiveCfg = Release|Any CPU
		{90C34E2E-E68B-405D-BB29-78C113F3D969}.Release|Any CPU.Build.0 = Release|Any CPU
		{2724557F-08C7-4C6F-BC81-634DB6FFD20F}.Debug|Any CPU.ActiveCfg = Debug|Any CPU
		{2724557F-08C7-4C6F-BC81-634DB6FFD20F}.Debug|Any CPU.Build.0 = Debug|Any CPU
		{2724557F-08C7-4C6F-BC81-634DB6FFD20F}.Release|Any CPU.ActiveCfg = Release|Any CPU
		{2724557F-08C7-4C6F-BC81-634DB6FFD20F}.Release|Any CPU.Build.0 = Release|Any CPU
		{2013B5C1-D835-4EE4-8106-1442303B9599}.Debug|Any CPU.ActiveCfg = Debug|Any CPU
		{2013B5C1-D835-4EE4-8106-1442303B9599}.Debug|Any CPU.Build.0 = Debug|Any CPU
		{2013B5C1-D835-4EE4-8106-1442303B9599}.Release|Any CPU.ActiveCfg = Release|Any CPU
		{2013B5C1-D835-4EE4-8106-1442303B9599}.Release|Any CPU.Build.0 = Release|Any CPU
		{D8F5FEDB-3960-4659-A6EA-33DFBC24A097}.Debug|Any CPU.ActiveCfg = Debug|Any CPU
		{D8F5FEDB-3960-4659-A6EA-33DFBC24A097}.Debug|Any CPU.Build.0 = Debug|Any CPU
		{D8F5FEDB-3960-4659-A6EA-33DFBC24A097}.Release|Any CPU.ActiveCfg = Release|Any CPU
		{D8F5FEDB-3960-4659-A6EA-33DFBC24A097}.Release|Any CPU.Build.0 = Release|Any CPU
		{15712B81-A825-408B-8DF3-165D91F6D2B0}.Debug|Any CPU.ActiveCfg = Debug|Any CPU
		{15712B81-A825-408B-8DF3-165D91F6D2B0}.Debug|Any CPU.Build.0 = Debug|Any CPU
		{15712B81-A825-408B-8DF3-165D91F6D2B0}.Release|Any CPU.ActiveCfg = Release|Any CPU
		{15712B81-A825-408B-8DF3-165D91F6D2B0}.Release|Any CPU.Build.0 = Release|Any CPU
		{31C904E0-2F7E-420B-8DA5-A86F0536F418}.Debug|Any CPU.ActiveCfg = Debug|Any CPU
		{31C904E0-2F7E-420B-8DA5-A86F0536F418}.Debug|Any CPU.Build.0 = Debug|Any CPU
		{31C904E0-2F7E-420B-8DA5-A86F0536F418}.Release|Any CPU.ActiveCfg = Release|Any CPU
		{31C904E0-2F7E-420B-8DA5-A86F0536F418}.Release|Any CPU.Build.0 = Release|Any CPU
		{3B59189A-0FCF-48FA-989B-E8AB941E5186}.Debug|Any CPU.ActiveCfg = Debug|Any CPU
		{3B59189A-0FCF-48FA-989B-E8AB941E5186}.Debug|Any CPU.Build.0 = Debug|Any CPU
		{3B59189A-0FCF-48FA-989B-E8AB941E5186}.Release|Any CPU.ActiveCfg = Release|Any CPU
		{3B59189A-0FCF-48FA-989B-E8AB941E5186}.Release|Any CPU.Build.0 = Release|Any CPU
		{BCC9F6D6-73F6-4F3C-8BB5-FD87C8BB0B7C}.Debug|Any CPU.ActiveCfg = Debug|Any CPU
		{BCC9F6D6-73F6-4F3C-8BB5-FD87C8BB0B7C}.Debug|Any CPU.Build.0 = Debug|Any CPU
		{BCC9F6D6-73F6-4F3C-8BB5-FD87C8BB0B7C}.Release|Any CPU.ActiveCfg = Release|Any CPU
		{BCC9F6D6-73F6-4F3C-8BB5-FD87C8BB0B7C}.Release|Any CPU.Build.0 = Release|Any CPU
		{58EF6081-EB24-42ED-BBD4-CC858B4F7D78}.Debug|Any CPU.ActiveCfg = Debug|Any CPU
		{58EF6081-EB24-42ED-BBD4-CC858B4F7D78}.Debug|Any CPU.Build.0 = Debug|Any CPU
		{58EF6081-EB24-42ED-BBD4-CC858B4F7D78}.Release|Any CPU.ActiveCfg = Release|Any CPU
		{58EF6081-EB24-42ED-BBD4-CC858B4F7D78}.Release|Any CPU.Build.0 = Release|Any CPU
		{B3D8D0CF-5515-4A53-A233-F6ACD332F1C8}.Debug|Any CPU.ActiveCfg = Debug|Any CPU
		{B3D8D0CF-5515-4A53-A233-F6ACD332F1C8}.Debug|Any CPU.Build.0 = Debug|Any CPU
		{B3D8D0CF-5515-4A53-A233-F6ACD332F1C8}.Release|Any CPU.ActiveCfg = Release|Any CPU
		{B3D8D0CF-5515-4A53-A233-F6ACD332F1C8}.Release|Any CPU.Build.0 = Release|Any CPU
	EndGlobalSection
	GlobalSection(SolutionProperties) = preSolution
		HideSolutionNode = FALSE
	EndGlobalSection
	GlobalSection(NestedProjects) = preSolution
		{90C34E2E-E68B-405D-BB29-78C113F3D969} = {3F3BECC3-F881-4FE1-BC1E-BF6AD7CE93CF}
		{2724557F-08C7-4C6F-BC81-634DB6FFD20F} = {3F3BECC3-F881-4FE1-BC1E-BF6AD7CE93CF}
		{2013B5C1-D835-4EE4-8106-1442303B9599} = {0EA44134-495E-4579-A6DE-1DE8A38829B9}
		{D8F5FEDB-3960-4659-A6EA-33DFBC24A097} = {0EA44134-495E-4579-A6DE-1DE8A38829B9}
		{15712B81-A825-408B-8DF3-165D91F6D2B0} = {0EA44134-495E-4579-A6DE-1DE8A38829B9}
		{31C904E0-2F7E-420B-8DA5-A86F0536F418} = {81C80BC7-F4FE-4880-B961-E9EA95B0CA36}
		{3B59189A-0FCF-48FA-989B-E8AB941E5186} = {81C80BC7-F4FE-4880-B961-E9EA95B0CA36}
		{BCC9F6D6-73F6-4F3C-8BB5-FD87C8BB0B7C} = {81C80BC7-F4FE-4880-B961-E9EA95B0CA36}
		{58EF6081-EB24-42ED-BBD4-CC858B4F7D78} = {81C80BC7-F4FE-4880-B961-E9EA95B0CA36}
		{B3D8D0CF-5515-4A53-A233-F6ACD332F1C8} = {81C80BC7-F4FE-4880-B961-E9EA95B0CA36}
	EndGlobalSection
	GlobalSection(ExtensibilityGlobals) = postSolution
		SolutionGuid = {F9352273-21F3-4082-AEE9-878D5C4B5928}
	EndGlobalSection
EndGlobal
